
Microsoft Visual Studio Solution File, Format Version 12.00
# Visual Studio Version 16
VisualStudioVersion = 16.0.29613.14
MinimumVisualStudioVersion = 10.0.40219.1
Project("{FAE04EC0-301F-11D3-BF4B-00C04F79EFBC}") = "PersistHighlighter", "PersistHighlighter\PersistHighlighter.csproj", "{C5CCEBB8-CED1-47AD-AB8E-9F9D07956A61}"
EndProject
Global
	GlobalSection(SolutionConfigurationPlatforms) = preSolution
		Debug|Any CPU = Debug|Any CPU
		Release|Any CPU = Release|Any CPU
	EndGlobalSection
	GlobalSection(ProjectConfigurationPlatforms) = postSolution
		{C5CCEBB8-CED1-47AD-AB8E-9F9D07956A61}.Debug|Any CPU.ActiveCfg = Debug|Any CPU
		{C5CCEBB8-CED1-47AD-AB8E-9F9D07956A61}.Debug|Any CPU.Build.0 = Debug|Any CPU
		{C5CCEBB8-CED1-47AD-AB8E-9F9D07956A61}.Release|Any CPU.ActiveCfg = Release|Any CPU
		{C5CCEBB8-CED1-47AD-AB8E-9F9D07956A61}.Release|Any CPU.Build.0 = Release|Any CPU
	EndGlobalSection
	GlobalSection(SolutionProperties) = preSolution
		HideSolutionNode = FALSE
	EndGlobalSection
	GlobalSection(ExtensibilityGlobals) = postSolution
		SolutionGuid = {19D46DB1-371B-4EAD-BC69-EACB053F6BC2}
	EndGlobalSection
EndGlobal
